
Microsoft Visual Studio Solution File, Format Version 12.00
Project("{FAE04EC0-301F-11D3-BF4B-00C04F79EFBC}") = "GeneralUpDownload", "GeneralUpDownload\GeneralUpDownload.csproj", "{53EEEE6A-B0F9-4F72-AAD6-384347B5DAAA}"
EndProject
Project("{FAE04EC0-301F-11D3-BF4B-00C04F79EFBC}") = "UpDownload_test", "UpDownload_test\UpDownload_test.csproj", "{29572EC0-DC87-4F47-B965-2BD55850FD2E}"
EndProject
Global
	GlobalSection(SolutionConfigurationPlatforms) = preSolution
		Debug|Any CPU = Debug|Any CPU
		Release|Any CPU = Release|Any CPU
	EndGlobalSection
	GlobalSection(ProjectConfigurationPlatforms) = postSolution
		{53EEEE6A-B0F9-4F72-AAD6-384347B5DAAA}.Debug|Any CPU.ActiveCfg = Debug|Any CPU
		{53EEEE6A-B0F9-4F72-AAD6-384347B5DAAA}.Debug|Any CPU.Build.0 = Debug|Any CPU
		{53EEEE6A-B0F9-4F72-AAD6-384347B5DAAA}.Release|Any CPU.ActiveCfg = Release|Any CPU
		{53EEEE6A-B0F9-4F72-AAD6-384347B5DAAA}.Release|Any CPU.Build.0 = Release|Any CPU
		{29572EC0-DC87-4F47-B965-2BD55850FD2E}.Debug|Any CPU.ActiveCfg = Debug|Any CPU
		{29572EC0-DC87-4F47-B965-2BD55850FD2E}.Debug|Any CPU.Build.0 = Debug|Any CPU
		{29572EC0-DC87-4F47-B965-2BD55850FD2E}.Release|Any CPU.ActiveCfg = Release|Any CPU
		{29572EC0-DC87-4F47-B965-2BD55850FD2E}.Release|Any CPU.Build.0 = Release|Any CPU
	EndGlobalSection
EndGlobal
